
Microsoft Visual Studio Solution File, Format Version 12.00
# Visual Studio Version 17
VisualStudioVersion = 17.0.32126.317
MinimumVisualStudioVersion = 10.0.40219.1
Project("{FAE04EC0-301F-11D3-BF4B-00C04F79EFBC}") = "ODataWebApplication", "ODataWebApplication\ODataWebApplication.csproj", "{639AD71D-6E85-4DA2-B284-A745396CC3EC}"
EndProject
Global
	GlobalSection(SolutionConfigurationPlatforms) = preSolution
		Debug|Any CPU = Debug|Any CPU
		Release|Any CPU = Release|Any CPU
	EndGlobalSection
	GlobalSection(ProjectConfigurationPlatforms) = postSolution
		{639AD71D-6E85-4DA2-B284-A745396CC3EC}.Debug|Any CPU.ActiveCfg = Debug|Any CPU
		{639AD71D-6E85-4DA2-B284-A745396CC3EC}.Debug|Any CPU.Build.0 = Debug|Any CPU
		{639AD71D-6E85-4DA2-B284-A745396CC3EC}.Release|Any CPU.ActiveCfg = Release|Any CPU
		{639AD71D-6E85-4DA2-B284-A745396CC3EC}.Release|Any CPU.Build.0 = Release|Any CPU
	EndGlobalSection
	GlobalSection(SolutionProperties) = preSolution
		HideSolutionNode = FALSE
	EndGlobalSection
	GlobalSection(ExtensibilityGlobals) = postSolution
		SolutionGuid = {8A4C503C-7A32-419F-947C-0CEADCF5CFC3}
	EndGlobalSection
EndGlobal
